// !$*UTF8*$!
{
	archiveVersion = 1;
	classes = {
	};
	objectVersion = 50;
	objects = {

/* Begin PBXBuildFile section */
		086C7531212EC5A10081BBD5 /* AppDelegate.swift in Sources */ = {isa = PBXBuildFile; fileRef = 086C7530212EC5A10081BBD5 /* AppDelegate.swift */; };
		086C7533212EC5A10081BBD5 /* MainViewController.swift in Sources */ = {isa = PBXBuildFile; fileRef = 086C7532212EC5A10081BBD5 /* MainViewController.swift */; };
		086C7536212EC5A10081BBD5 /* Main.storyboard in Resources */ = {isa = PBXBuildFile; fileRef = 086C7534212EC5A10081BBD5 /* Main.storyboard */; };
		086C7538212EC5A20081BBD5 /* Assets.xcassets in Resources */ = {isa = PBXBuildFile; fileRef = 086C7537212EC5A20081BBD5 /* Assets.xcassets */; };
		086C753B212EC5A20081BBD5 /* LaunchScreen.storyboard in Resources */ = {isa = PBXBuildFile; fileRef = 086C7539212EC5A20081BBD5 /* LaunchScreen.storyboard */; };
		086C7546212EC5A20081BBD5 /* PieGraphSamplerTests.swift in Sources */ = {isa = PBXBuildFile; fileRef = 086C7545212EC5A20081BBD5 /* PieGraphSamplerTests.swift */; };
		086C7552212EC6030081BBD5 /* PieGraphView.swift in Sources */ = {isa = PBXBuildFile; fileRef = 086C7551212EC6030081BBD5 /* PieGraphView.swift */; };
		086C7554212EC6270081BBD5 /* PieGraphView.xib in Resources */ = {isa = PBXBuildFile; fileRef = 086C7553212EC6270081BBD5 /* PieGraphView.xib */; };
		086C7557212EC6B20081BBD5 /* Extension.swift in Sources */ = {isa = PBXBuildFile; fileRef = 086C7556212EC6B20081BBD5 /* Extension.swift */; };
		086C755A212EC6E70081BBD5 /* UnitBezier.swift in Sources */ = {isa = PBXBuildFile; fileRef = 086C7559212EC6E70081BBD5 /* UnitBezier.swift */; };
		086C755C212EC7250081BBD5 /* AnimationCurve.swift in Sources */ = {isa = PBXBuildFile; fileRef = 086C755B212EC7250081BBD5 /* AnimationCurve.swift */; };
		086C755F212EC75C0081BBD5 /* GraphData.swift in Sources */ = {isa = PBXBuildFile; fileRef = 086C755E212EC75C0081BBD5 /* GraphData.swift */; };
		086C7561212EC7DF0081BBD5 /* PieGraphAnimationView.swift in Sources */ = {isa = PBXBuildFile; fileRef = 086C7560212EC7DF0081BBD5 /* PieGraphAnimationView.swift */; };
		086C7563212EC7FB0081BBD5 /* PieGraphAnimationView.xib in Resources */ = {isa = PBXBuildFile; fileRef = 086C7562212EC7FB0081BBD5 /* PieGraphAnimationView.xib */; };
		086C7566212EC89B0081BBD5 /* MainViewCell.swift in Sources */ = {isa = PBXBuildFile; fileRef = 086C7564212EC89B0081BBD5 /* MainViewCell.swift */; };
		086C7567212EC89B0081BBD5 /* MainViewCell.xib in Resources */ = {isa = PBXBuildFile; fileRef = 086C7565212EC89B0081BBD5 /* MainViewCell.xib */; };
		086C7569212EC9470081BBD5 /* GraphViewController.swift in Sources */ = {isa = PBXBuildFile; fileRef = 086C7568212EC9470081BBD5 /* GraphViewController.swift */; };
/* End PBXBuildFile section */

/* Begin PBXContainerItemProxy section */
		086C7542212EC5A20081BBD5 /* PBXContainerItemProxy */ = {
			isa = PBXContainerItemProxy;
			containerPortal = 086C7525212EC5A10081BBD5 /* Project object */;
			proxyType = 1;
			remoteGlobalIDString = 086C752C212EC5A10081BBD5;
			remoteInfo = PieGraphSampler;
		};
/* End PBXContainerItemProxy section */

/* Begin PBXFileReference section */
		086C752D212EC5A10081BBD5 /* PieGraphSampler.app */ = {isa = PBXFileReference; explicitFileType = wrapper.application; includeInIndex = 0; path = PieGraphSampler.app; sourceTree = BUILT_PRODUCTS_DIR; };
		086C7530212EC5A10081BBD5 /* AppDelegate.swift */ = {isa = PBXFileReference; lastKnownFileType = sourcecode.swift; path = AppDelegate.swift; sourceTree = "<group>"; };
		086C7532212EC5A10081BBD5 /* MainViewController.swift */ = {isa = PBXFileReference; lastKnownFileType = sourcecode.swift; path = MainViewController.swift; sourceTree = "<group>"; };
		086C7535212EC5A10081BBD5 /* Base */ = {isa = PBXFileReference; lastKnownFileType = file.storyboard; name = Base; path = Base.lproj/Main.storyboard; sourceTree = "<group>"; };
		086C7537212EC5A20081BBD5 /* Assets.xcassets */ = {isa = PBXFileReference; lastKnownFileType = folder.assetcatalog; path = Assets.xcassets; sourceTree = "<group>"; };
		086C753A212EC5A20081BBD5 /* Base */ = {isa = PBXFileReference; lastKnownFileType = file.storyboard; name = Base; path = Base.lproj/LaunchScreen.storyboard; sourceTree = "<group>"; };
		086C753C212EC5A20081BBD5 /* Info.plist */ = {isa = PBXFileReference; lastKnownFileType = text.plist.xml; path = Info.plist; sourceTree = "<group>"; };
		086C7541212EC5A20081BBD5 /* PieGraphSamplerTests.xctest */ = {isa = PBXFileReference; explicitFileType = wrapper.cfbundle; includeInIndex = 0; path = PieGraphSamplerTests.xctest; sourceTree = BUILT_PRODUCTS_DIR; };
		086C7545212EC5A20081BBD5 /* PieGraphSamplerTests.swift */ = {isa = PBXFileReference; lastKnownFileType = sourcecode.swift; path = PieGraphSamplerTests.swift; sourceTree = "<group>"; };
		086C7547212EC5A20081BBD5 /* Info.plist */ = {isa = PBXFileReference; lastKnownFileType = text.plist.xml; path = Info.plist; sourceTree = "<group>"; };
		086C7551212EC6030081BBD5 /* PieGraphView.swift */ = {isa = PBXFileReference; lastKnownFileType = sourcecode.swift; path = PieGraphView.swift; sourceTree = "<group>"; };
		086C7553212EC6270081BBD5 /* PieGraphView.xib */ = {isa = PBXFileReference; lastKnownFileType = file.xib; path = PieGraphView.xib; sourceTree = "<group>"; };
		086C7556212EC6B20081BBD5 /* Extension.swift */ = {isa = PBXFileReference; lastKnownFileType = sourcecode.swift; path = Extension.swift; sourceTree = "<group>"; };
		086C7559212EC6E70081BBD5 /* UnitBezier.swift */ = {isa = PBXFileReference; lastKnownFileType = sourcecode.swift; path = UnitBezier.swift; sourceTree = "<group>"; };
		086C755B212EC7250081BBD5 /* AnimationCurve.swift */ = {isa = PBXFileReference; lastKnownFileType = sourcecode.swift; path = AnimationCurve.swift; sourceTree = "<group>"; };
		086C755E212EC75C0081BBD5 /* GraphData.swift */ = {isa = PBXFileReference; lastKnownFileType = sourcecode.swift; path = GraphData.swift; sourceTree = "<group>"; };
		086C7560212EC7DF0081BBD5 /* PieGraphAnimationView.swift */ = {isa = PBXFileReference; lastKnownFileType = sourcecode.swift; path = PieGraphAnimationView.swift; sourceTree = "<group>"; };
		086C7562212EC7FB0081BBD5 /* PieGraphAnimationView.xib */ = {isa = PBXFileReference; lastKnownFileType = file.xib; path = PieGraphAnimationView.xib; sourceTree = "<group>"; };
		086C7564212EC89B0081BBD5 /* MainViewCell.swift */ = {isa = PBXFileReference; lastKnownFileType = sourcecode.swift; path = MainViewCell.swift; sourceTree = "<group>"; };
		086C7565212EC89B0081BBD5 /* MainViewCell.xib */ = {isa = PBXFileReference; lastKnownFileType = file.xib; path = MainViewCell.xib; sourceTree = "<group>"; };
		086C7568212EC9470081BBD5 /* GraphViewController.swift */ = {isa = PBXFileReference; lastKnownFileType = sourcecode.swift; path = GraphViewController.swift; sourceTree = "<group>"; };
/* End PBXFileReference section */

/* Begin PBXFrameworksBuildPhase section */
		086C752A212EC5A10081BBD5 /* Frameworks */ = {
			isa = PBXFrameworksBuildPhase;
			buildActionMask = 2147483647;
			files = (
			);
			runOnlyForDeploymentPostprocessing = 0;
		};
		086C753E212EC5A20081BBD5 /* Frameworks */ = {
			isa = PBXFrameworksBuildPhase;
			buildActionMask = 2147483647;
			files = (
			);
			runOnlyForDeploymentPostprocessing = 0;
		};
/* End PBXFrameworksBuildPhase section */

/* Begin PBXGroup section */
		086C7524212EC5A00081BBD5 = {
			isa = PBXGroup;
			children = (
				086C752F212EC5A10081BBD5 /* PieGraphSampler */,
				086C7544212EC5A20081BBD5 /* PieGraphSamplerTests */,
				086C752E212EC5A10081BBD5 /* Products */,
			);
			sourceTree = "<group>";
		};
		086C752E212EC5A10081BBD5 /* Products */ = {
			isa = PBXGroup;
			children = (
				086C752D212EC5A10081BBD5 /* PieGraphSampler.app */,
				086C7541212EC5A20081BBD5 /* PieGraphSamplerTests.xctest */,
			);
			name = Products;
			sourceTree = "<group>";
		};
		086C752F212EC5A10081BBD5 /* PieGraphSampler */ = {
			isa = PBXGroup;
			children = (
				086C7558212EC6D50081BBD5 /* Animation */,
				086C7555212EC6A60081BBD5 /* Extension */,
				086C755D212EC7530081BBD5 /* GraphData */,
				086C7550212EC5EE0081BBD5 /* GraphView */,
				086C7530212EC5A10081BBD5 /* AppDelegate.swift */,
				086C7532212EC5A10081BBD5 /* MainViewController.swift */,
				086C7534212EC5A10081BBD5 /* Main.storyboard */,
				086C7564212EC89B0081BBD5 /* MainViewCell.swift */,
				086C7565212EC89B0081BBD5 /* MainViewCell.xib */,
				086C7568212EC9470081BBD5 /* GraphViewController.swift */,
				086C7537212EC5A20081BBD5 /* Assets.xcassets */,
				086C7539212EC5A20081BBD5 /* LaunchScreen.storyboard */,
				086C753C212EC5A20081BBD5 /* Info.plist */,
			);
			path = PieGraphSampler;
			sourceTree = "<group>";
		};
		086C7544212EC5A20081BBD5 /* PieGraphSamplerTests */ = {
			isa = PBXGroup;
			children = (
				086C7545212EC5A20081BBD5 /* PieGraphSamplerTests.swift */,
				086C7547212EC5A20081BBD5 /* Info.plist */,
			);
			path = PieGraphSamplerTests;
			sourceTree = "<group>";
		};
		086C7550212EC5EE0081BBD5 /* GraphView */ = {
			isa = PBXGroup;
			children = (
				086C7551212EC6030081BBD5 /* PieGraphView.swift */,
				086C7553212EC6270081BBD5 /* PieGraphView.xib */,
				086C7560212EC7DF0081BBD5 /* PieGraphAnimationView.swift */,
				086C7562212EC7FB0081BBD5 /* PieGraphAnimationView.xib */,
			);
			path = GraphView;
			sourceTree = "<group>";
		};
		086C7555212EC6A60081BBD5 /* Extension */ = {
			isa = PBXGroup;
			children = (
				086C7556212EC6B20081BBD5 /* Extension.swift */,
			);
			path = Extension;
			sourceTree = "<group>";
		};
		086C7558212EC6D50081BBD5 /* Animation */ = {
			isa = PBXGroup;
			children = (
				086C7559212EC6E70081BBD5 /* UnitBezier.swift */,
				086C755B212EC7250081BBD5 /* AnimationCurve.swift */,
			);
			path = Animation;
			sourceTree = "<group>";
		};
		086C755D212EC7530081BBD5 /* GraphData */ = {
			isa = PBXGroup;
			children = (
				086C755E212EC75C0081BBD5 /* GraphData.swift */,
			);
			path = GraphData;
			sourceTree = "<group>";
		};
/* End PBXGroup section */

/* Begin PBXNativeTarget section */
		086C752C212EC5A10081BBD5 /* PieGraphSampler */ = {
			isa = PBXNativeTarget;
			buildConfigurationList = 086C754A212EC5A20081BBD5 /* Build configuration list for PBXNativeTarget "PieGraphSampler" */;
			buildPhases = (
				086C7529212EC5A10081BBD5 /* Sources */,
				086C752A212EC5A10081BBD5 /* Frameworks */,
				086C752B212EC5A10081BBD5 /* Resources */,
			);
			buildRules = (
			);
			dependencies = (
			);
			name = PieGraphSampler;
			productName = PieGraphSampler;
			productReference = 086C752D212EC5A10081BBD5 /* PieGraphSampler.app */;
			productType = "com.apple.product-type.application";
		};
		086C7540212EC5A20081BBD5 /* PieGraphSamplerTests */ = {
			isa = PBXNativeTarget;
			buildConfigurationList = 086C754D212EC5A20081BBD5 /* Build configuration list for PBXNativeTarget "PieGraphSamplerTests" */;
			buildPhases = (
				086C753D212EC5A20081BBD5 /* Sources */,
				086C753E212EC5A20081BBD5 /* Frameworks */,
				086C753F212EC5A20081BBD5 /* Resources */,
			);
			buildRules = (
			);
			dependencies = (
				086C7543212EC5A20081BBD5 /* PBXTargetDependency */,
			);
			name = PieGraphSamplerTests;
			productName = PieGraphSamplerTests;
			productReference = 086C7541212EC5A20081BBD5 /* PieGraphSamplerTests.xctest */;
			productType = "com.apple.product-type.bundle.unit-test";
		};
/* End PBXNativeTarget section */

/* Begin PBXProject section */
		086C7525212EC5A10081BBD5 /* Project object */ = {
			isa = PBXProject;
			attributes = {
				LastSwiftUpdateCheck = 0940;
				LastUpgradeCheck = 0940;
				ORGANIZATIONNAME = "須藤将史";
				TargetAttributes = {
					086C752C212EC5A10081BBD5 = {
						CreatedOnToolsVersion = 9.4.1;
					};
					086C7540212EC5A20081BBD5 = {
						CreatedOnToolsVersion = 9.4.1;
						TestTargetID = 086C752C212EC5A10081BBD5;
					};
				};
			};
			buildConfigurationList = 086C7528212EC5A10081BBD5 /* Build configuration list for PBXProject "PieGraphSampler" */;
			compatibilityVersion = "Xcode 9.3";
			developmentRegion = en;
			hasScannedForEncodings = 0;
			knownRegions = (
				en,
				Base,
			);
			mainGroup = 086C7524212EC5A00081BBD5;
			productRefGroup = 086C752E212EC5A10081BBD5 /* Products */;
			projectDirPath = "";
			projectRoot = "";
			targets = (
				086C752C212EC5A10081BBD5 /* PieGraphSampler */,
				086C7540212EC5A20081BBD5 /* PieGraphSamplerTests */,
			);
		};
/* End PBXProject section */

/* Begin PBXResourcesBuildPhase section */
		086C752B212EC5A10081BBD5 /* Resources */ = {
			isa = PBXResourcesBuildPhase;
			buildActionMask = 2147483647;
			files = (
				086C7554212EC6270081BBD5 /* PieGraphView.xib in Resources */,
				086C7567212EC89B0081BBD5 /* MainViewCell.xib in Resources */,
				086C753B212EC5A20081BBD5 /* LaunchScreen.storyboard in Resources */,
				086C7563212EC7FB0081BBD5 /* PieGraphAnimationView.xib in Resources */,
				086C7538212EC5A20081BBD5 /* Assets.xcassets in Resources */,
				086C7536212EC5A10081BBD5 /* Main.storyboard in Resources */,
			);
			runOnlyForDeploymentPostprocessing = 0;
		};
		086C753F212EC5A20081BBD5 /* Resources */ = {
			isa = PBXResourcesBuildPhase;
			buildActionMask = 2147483647;
			files = (
			);
			runOnlyForDeploymentPostprocessing = 0;
		};
/* End PBXResourcesBuildPhase section */

/* Begin PBXSourcesBuildPhase section */
		086C7529212EC5A10081BBD5 /* Sources */ = {
			isa = PBXSourcesBuildPhase;
			buildActionMask = 2147483647;
			files = (
				086C7566212EC89B0081BBD5 /* MainViewCell.swift in Sources */,
				086C7569212EC9470081BBD5 /* GraphViewController.swift in Sources */,
				086C755C212EC7250081BBD5 /* AnimationCurve.swift in Sources */,
				086C7561212EC7DF0081BBD5 /* PieGraphAnimationView.swift in Sources */,
				086C7533212EC5A10081BBD5 /* MainViewController.swift in Sources */,
				086C7552212EC6030081BBD5 /* PieGraphView.swift in Sources */,
				086C755F212EC75C0081BBD5 /* GraphData.swift in Sources */,
				086C7531212EC5A10081BBD5 /* AppDelegate.swift in Sources */,
				086C755A212EC6E70081BBD5 /* UnitBezier.swift in Sources */,
				086C7557212EC6B20081BBD5 /* Extension.swift in Sources */,
			);
			runOnlyForDeploymentPostprocessing = 0;
		};
		086C753D212EC5A20081BBD5 /* Sources */ = {
			isa = PBXSourcesBuildPhase;
			buildActionMask = 2147483647;
			files = (
				086C7546212EC5A20081BBD5 /* PieGraphSamplerTests.swift in Sources */,
			);
			runOnlyForDeploymentPostprocessing = 0;
		};
/* End PBXSourcesBuildPhase section */

/* Begin PBXTargetDependency section */
		086C7543212EC5A20081BBD5 /* PBXTargetDependency */ = {
			isa = PBXTargetDependency;
			target = 086C752C212EC5A10081BBD5 /* PieGraphSampler */;
			targetProxy = 086C7542212EC5A20081BBD5 /* PBXContainerItemProxy */;
		};
/* End PBXTargetDependency section */

/* Begin PBXVariantGroup section */
		086C7534212EC5A10081BBD5 /* Main.storyboard */ = {
			isa = PBXVariantGroup;
			children = (
				086C7535212EC5A10081BBD5 /* Base */,
			);
			name = Main.storyboard;
			sourceTree = "<group>";
		};
		086C7539212EC5A20081BBD5 /* LaunchScreen.storyboard */ = {
			isa = PBXVariantGroup;
			children = (
				086C753A212EC5A20081BBD5 /* Base */,
			);
			name = LaunchScreen.storyboard;
			sourceTree = "<group>";
		};
/* End PBXVariantGroup section */

/* Begin XCBuildConfiguration section */
		086C7548212EC5A20081BBD5 /* Debug */ = {
			isa = XCBuildConfiguration;
			buildSettings = {
				ALWAYS_SEARCH_USER_PATHS = NO;
				CLANG_ANALYZER_NONNULL = YES;
				CLANG_ANALYZER_NUMBER_OBJECT_CONVERSION = YES_AGGRESSIVE;
				CLANG_CXX_LANGUAGE_STANDARD = "gnu++14";
				CLANG_CXX_LIBRARY = "libc++";
				CLANG_ENABLE_MODULES = YES;
				CLANG_ENABLE_OBJC_ARC = YES;
				CLANG_ENABLE_OBJC_WEAK = YES;
				CLANG_WARN_BLOCK_CAPTURE_AUTORELEASING = YES;
				CLANG_WARN_BOOL_CONVERSION = YES;
				CLANG_WARN_COMMA = YES;
				CLANG_WARN_CONSTANT_CONVERSION = YES;
				CLANG_WARN_DEPRECATED_OBJC_IMPLEMENTATIONS = YES;
				CLANG_WARN_DIRECT_OBJC_ISA_USAGE = YES_ERROR;
				CLANG_WARN_DOCUMENTATION_COMMENTS = YES;
				CLANG_WARN_EMPTY_BODY = YES;
				CLANG_WARN_ENUM_CONVERSION = YES;
				CLANG_WARN_INFINITE_RECURSION = YES;
				CLANG_WARN_INT_CONVERSION = YES;
				CLANG_WARN_NON_LITERAL_NULL_CONVERSION = YES;
				CLANG_WARN_OBJC_IMPLICIT_RETAIN_SELF = YES;
				CLANG_WARN_OBJC_LITERAL_CONVERSION = YES;
				CLANG_WARN_OBJC_ROOT_CLASS = YES_ERROR;
				CLANG_WARN_RANGE_LOOP_ANALYSIS = YES;
				CLANG_WARN_STRICT_PROTOTYPES = YES;
				CLANG_WARN_SUSPICIOUS_MOVE = YES;
				CLANG_WARN_UNGUARDED_AVAILABILITY = YES_AGGRESSIVE;
				CLANG_WARN_UNREACHABLE_CODE = YES;
				CLANG_WARN__DUPLICATE_METHOD_MATCH = YES;
				CODE_SIGN_IDENTITY = "iPhone Developer";
				COPY_PHASE_STRIP = NO;
				DEBUG_INFORMATION_FORMAT = dwarf;
				ENABLE_STRICT_OBJC_MSGSEND = YES;
				ENABLE_TESTABILITY = YES;
				GCC_C_LANGUAGE_STANDARD = gnu11;
				GCC_DYNAMIC_NO_PIC = NO;
				GCC_NO_COMMON_BLOCKS = YES;
				GCC_OPTIMIZATION_LEVEL = 0;
				GCC_PREPROCESSOR_DEFINITIONS = (
					"DEBUG=1",
					"$(inherited)",
				);
				GCC_WARN_64_TO_32_BIT_CONVERSION = YES;
				GCC_WARN_ABOUT_RETURN_TYPE = YES_ERROR;
				GCC_WARN_UNDECLARED_SELECTOR = YES;
				GCC_WARN_UNINITIALIZED_AUTOS = YES_AGGRESSIVE;
				GCC_WARN_UNUSED_FUNCTION = YES;
				GCC_WARN_UNUSED_VARIABLE = YES;
				IPHONEOS_DEPLOYMENT_TARGET = 10.0;
				MTL_ENABLE_DEBUG_INFO = YES;
				ONLY_ACTIVE_ARCH = YES;
				SDKROOT = iphoneos;
				SWIFT_ACTIVE_COMPILATION_CONDITIONS = DEBUG;
				SWIFT_OPTIMIZATION_LEVEL = "-Onone";
			};
			name = Debug;
		};
		086C7549212EC5A20081BBD5 /* Release */ = {
			isa = XCBuildConfiguration;
			buildSettings = {
				ALWAYS_SEARCH_USER_PATHS = NO;
				CLANG_ANALYZER_NONNULL = YES;
				CLANG_ANALYZER_NUMBER_OBJECT_CONVERSION = YES_AGGRESSIVE;
				CLANG_CXX_LANGUAGE_STANDARD = "gnu++14";
				CLANG_CXX_LIBRARY = "libc++";
				CLANG_ENABLE_MODULES = YES;
				CLANG_ENABLE_OBJC_ARC = YES;
				CLANG_ENABLE_OBJC_WEAK = YES;
				CLANG_WARN_BLOCK_CAPTURE_AUTORELEASING = YES;
				CLANG_WARN_BOOL_CONVERSION = YES;
				CLANG_WARN_COMMA = YES;
				CLANG_WARN_CONSTANT_CONVERSION = YES;
				CLANG_WARN_DEPRECATED_OBJC_IMPLEMENTATIONS = YES;
				CLANG_WARN_DIRECT_OBJC_ISA_USAGE = YES_ERROR;
				CLANG_WARN_DOCUMENTATION_COMMENTS = YES;
				CLANG_WARN_EMPTY_BODY = YES;
				CLANG_WARN_ENUM_CONVERSION = YES;
				CLANG_WARN_INFINITE_RECURSION = YES;
				CLANG_WARN_INT_CONVERSION = YES;
				CLANG_WARN_NON_LITERAL_NULL_CONVERSION = YES;
				CLANG_WARN_OBJC_IMPLICIT_RETAIN_SELF = YES;
				CLANG_WARN_OBJC_LITERAL_CONVERSION = YES;
				CLANG_WARN_OBJC_ROOT_CLASS = YES_ERROR;
				CLANG_WARN_RANGE_LOOP_ANALYSIS = YES;
				CLANG_WARN_STRICT_PROTOTYPES = YES;
				CLANG_WARN_SUSPICIOUS_MOVE = YES;
				CLANG_WARN_UNGUARDED_AVAILABILITY = YES_AGGRESSIVE;
				CLANG_WARN_UNREACHABLE_CODE = YES;
				CLANG_WARN__DUPLICATE_METHOD_MATCH = YES;
				CODE_SIGN_IDENTITY = "iPhone Developer";
				COPY_PHASE_STRIP = NO;
				DEBUG_INFORMATION_FORMAT = "dwarf-with-dsym";
				ENABLE_NS_ASSERTIONS = NO;
				ENABLE_STRICT_OBJC_MSGSEND = YES;
				GCC_C_LANGUAGE_STANDARD = gnu11;
				GCC_NO_COMMON_BLOCKS = YES;
				GCC_WARN_64_TO_32_BIT_CONVERSION = YES;
				GCC_WARN_ABOUT_RETURN_TYPE = YES_ERROR;
				GCC_WARN_UNDECLARED_SELECTOR = YES;
				GCC_WARN_UNINITIALIZED_AUTOS = YES_AGGRESSIVE;
				GCC_WARN_UNUSED_FUNCTION = YES;
				GCC_WARN_UNUSED_VARIABLE = YES;
				IPHONEOS_DEPLOYMENT_TARGET = 10.0;
				MTL_ENABLE_DEBUG_INFO = NO;
				SDKROOT = iphoneos;
				SWIFT_COMPILATION_MODE = wholemodule;
				SWIFT_OPTIMIZATION_LEVEL = "-O";
				VALIDATE_PRODUCT = YES;
			};
			name = Release;
		};
		086C754B212EC5A20081BBD5 /* Debug */ = {
			isa = XCBuildConfiguration;
			buildSettings = {
				ASSETCATALOG_COMPILER_APPICON_NAME = AppIcon;
				CODE_SIGN_STYLE = Automatic;
				DEVELOPMENT_TEAM = "";
				INFOPLIST_FILE = PieGraphSampler/Info.plist;
				LD_RUNPATH_SEARCH_PATHS = (
					"$(inherited)",
					"@executable_path/Frameworks",
				);
				PRODUCT_BUNDLE_IDENTIFIER = sample.PieGraphSampler;
				PRODUCT_NAME = "$(TARGET_NAME)";
				SWIFT_VERSION = 4.0;
				TARGETED_DEVICE_FAMILY = "1,2";
			};
			name = Debug;
		};
		086C754C212EC5A20081BBD5 /* Release */ = {
			isa = XCBuildConfiguration;
			buildSettings = {
				ASSETCATALOG_COMPILER_APPICON_NAME = AppIcon;
				CODE_SIGN_STYLE = Automatic;
				DEVELOPMENT_TEAM = "";
				INFOPLIST_FILE = PieGraphSampler/Info.plist;
				LD_RUNPATH_SEARCH_PATHS = (
					"$(inherited)",
					"@executable_path/Frameworks",
				);
				PRODUCT_BUNDLE_IDENTIFIER = sample.PieGraphSampler;
				PRODUCT_NAME = "$(TARGET_NAME)";
				SWIFT_VERSION = 4.0;
				TARGETED_DEVICE_FAMILY = "1,2";
			};
			name = Release;
		};
		086C754E212EC5A20081BBD5 /* Debug */ = {
			isa = XCBuildConfiguration;
			buildSettings = {
				ALWAYS_EMBED_SWIFT_STANDARD_LIBRARIES = YES;
				BUNDLE_LOADER = "$(TEST_HOST)";
				CODE_SIGN_STYLE = Automatic;
				DEVELOPMENT_TEAM = 7CFA6756Z9;
				INFOPLIST_FILE = PieGraphSamplerTests/Info.plist;
				LD_RUNPATH_SEARCH_PATHS = (
					"$(inherited)",
					"@executable_path/Frameworks",
					"@loader_path/Frameworks",
				);
				PRODUCT_BUNDLE_IDENTIFIER = sample.PieGraphSamplerTests;
				PRODUCT_NAME = "$(TARGET_NAME)";
				SWIFT_VERSION = 4.0;
				TARGETED_DEVICE_FAMILY = "1,2";
				TEST_HOST = "$(BUILT_PRODUCTS_DIR)/PieGraphSampler.app/PieGraphSampler";
			};
			name = Debug;
		};
		086C754F212EC5A20081BBD5 /* Release */ = {
			isa = XCBuildConfiguration;
			buildSettings = {
				ALWAYS_EMBED_SWIFT_STANDARD_LIBRARIES = YES;
				BUNDLE_LOADER = "$(TEST_HOST)";
				CODE_SIGN_STYLE = Automatic;
				DEVELOPMENT_TEAM = 7CFA6756Z9;
				INFOPLIST_FILE = PieGraphSamplerTests/Info.plist;
				LD_RUNPATH_SEARCH_PATHS = (
					"$(inherited)",
					"@executable_path/Frameworks",
					"@loader_path/Frameworks",
				);
				PRODUCT_BUNDLE_IDENTIFIER = sample.PieGraphSamplerTests;
				PRODUCT_NAME = "$(TARGET_NAME)";
				SWIFT_VERSION = 4.0;
				TARGETED_DEVICE_FAMILY = "1,2";
				TEST_HOST = "$(BUILT_PRODUCTS_DIR)/PieGraphSampler.app/PieGraphSampler";
			};
			name = Release;
		};
/* End XCBuildConfiguration section */

/* Begin XCConfigurationList section */
		086C7528212EC5A10081BBD5 /* Build configuration list for PBXProject "PieGraphSampler" */ = {
			isa = XCConfigurationList;
			buildConfigurations = (
				086C7548212EC5A20081BBD5 /* Debug */,
				086C7549212EC5A20081BBD5 /* Release */,
			);
			defaultConfigurationIsVisible = 0;
			defaultConfigurationName = Release;
		};
		086C754A212EC5A20081BBD5 /* Build configuration list for PBXNativeTarget "PieGraphSampler" */ = {
			isa = XCConfigurationList;
			buildConfigurations = (
				086C754B212EC5A20081BBD5 /* Debug */,
				086C754C212EC5A20081BBD5 /* Release */,
			);
			defaultConfigurationIsVisible = 0;
			defaultConfigurationName = Release;
		};
		086C754D212EC5A20081BBD5 /* Build configuration list for PBXNativeTarget "PieGraphSamplerTests" */ = {
			isa = XCConfigurationList;
			buildConfigurations = (
				086C754E212EC5A20081BBD5 /* Debug */,
				086C754F212EC5A20081BBD5 /* Release */,
			);
			defaultConfigurationIsVisible = 0;
			defaultConfigurationName = Release;
		};
/* End XCConfigurationList section */
	};
	rootObject = 086C7525212EC5A10081BBD5 /* Project object */;
}
